<Solution>
  <Folder Name="/src/">
    <Project Path="src/DeskKit.App/DeskKit.App.csproj" />
    <Project Path="src/DeskKit.Core/DeskKit.Core.csproj" />
    <Project Path="src/DeskKit.Persistence/DeskKit.Persistence.csproj" />
    <Project Path="src/DeskKit.Platform/DeskKit.Platform.csproj" />
    <Project Path="src/DeskKit.Widgets/DeskKit.Widgets.csproj" />
  </Folder>
  <Folder Name="/tests/">
    <Project Path="tests/DeskKit.App.Tests/DeskKit.App.Tests.csproj" />
    <Project Path="tests/DeskKit.Core.Tests/DeskKit.Core.Tests.csproj" />
    <Project Path="tests/DeskKit.Persistence.Tests/DeskKit.Persistence.Tests.csproj" />
    <Project Path="tests/DeskKit.Platform.Tests/DeskKit.Platform.Tests.csproj" />
  </Folder>
</Solution>
